<?xml version="1.0" encoding="utf-8"?>
<Project ToolsVersion="4.0" xmlns="http://schemas.microsoft.com/developer/msbuild/2003">
  <ItemGroup>
    <Filter Include="GUI">
      <UniqueIdentifier>{4FC737F1-C7A5-4376-A066-2A32D752A2FF}</UniqueIdentifier>
      <Extensions>cpp;c;cc;cxx;c++;cppm;ixx;def;odl;idl;hpj;bat;asm;asmx</Extensions>
    </Filter>
    <Filter Include="GUI\Header Files">
      <UniqueIdentifier>{93995380-89BD-4b04-88EB-625FBE52EBFB}</UniqueIdentifier>
      <Extensions>h;hh;hpp;hxx;h++;hm;inl;inc;ipp;xsd</Extensions>
    </Filter>
    <Filter Include="GUI\Source Files">
      <UniqueIdentifier>{e68e39b6-0047-4a7e-b11f-700fda40fd71}</UniqueIdentifier>
    </Filter>
    <Filter Include="Solver">
      <UniqueIdentifier>{de3ff742-8631-44a7-aba8-fb173af6eb2b}</UniqueIdentifier>
    </Filter>
    <Filter Include="Solver\Header Files">
      <UniqueIdentifier>{aece0940-9aa1-470e-bf85-197ccab5faca}</UniqueIdentifier>
    </Filter>
    <Filter Include="Solver\Source Files">
      <UniqueIdentifier>{a3820676-cf39-41f5-97c8-924237b6f54b}</UniqueIdentifier>
    </Filter>
  </ItemGroup>
  <ItemGroup>
    <ClCompile Include="Circuit.cpp">
      <Filter>Solver\Source Files</Filter>
    </ClCompile>
    <ClCompile Include="CircuitStamp.cpp">
      <Filter>Solver\Source Files</Filter>
    </ClCompile>
    <ClCompile Include="CircuitElement.cpp">
      <Filter>GUI\Source Files</Filter>
    </ClCompile>
    <ClCompile Include="main.cpp">
      <Filter>GUI</Filter>
    </ClCompile>
    <ClCompile Include="Graph.cpp">
      <Filter>Solver\Source Files</Filter>
    </ClCompile>
    <ClCompile Include="CurrentCircuitElement.cpp">
      <Filter>GUI\Source Files</Filter>
    </ClCompile>
    <ClCompile Include="CircuitCalculations.h">
      <Filter>GUI\Header Files</Filter>
    </ClCompile>
    <ClCompile Include="CircuitCalculations.cpp">
      <Filter>GUI\Source Files</Filter>
    </ClCompile>
    <ClCompile Include="Collision.cpp">
      <Filter>GUI\Source Files</Filter>
    </ClCompile>
    <ClCompile Include="Collision.h">
      <Filter>GUI\Header Files</Filter>
    </ClCompile>
    <ClCompile Include="TextHelper.cpp">
      <Filter>GUI\Source Files</Filter>
    </ClCompile>
    <ClCompile Include="Input.cpp">
      <Filter>GUI\Source Files</Filter>
    </ClCompile>
    <ClCompile Include="StateHelper.cpp">
      <Filter>GUI\Source Files</Filter>
    </ClCompile>
    <ClCompile Include="Keyboard.h">
      <Filter>GUI\Header Files</Filter>
    </ClCompile>
    <ClCompile Include="Keyboard.cpp">
      <Filter>GUI\Source Files</Filter>
    </ClCompile>
  </ItemGroup>
  <ItemGroup>
    <ClInclude Include="MatrixSolve.h">
      <Filter>Solver\Header Files</Filter>
    </ClInclude>
    <ClInclude Include="CircuitStamp.h">
      <Filter>Solver\Header Files</Filter>
    </ClInclude>
    <ClInclude Include="AugmentedMatrix.h">
      <Filter>Solver\Header Files</Filter>
    </ClInclude>
    <ClInclude Include="Circuit.h">
      <Filter>Solver\Header Files</Filter>
    </ClInclude>
    <ClInclude Include="StatusText.h">
      <Filter>GUI\Header Files</Filter>
    </ClInclude>
    <ClInclude Include="UIConstants.h">
      <Filter>GUI\Header Files</Filter>
    </ClInclude>
    <ClInclude Include="TextHelper.h">
      <Filter>GUI\Header Files</Filter>
    </ClInclude>
    <ClInclude Include="Graph.h">
      <Filter>Solver\Header Files</Filter>
    </ClInclude>
    <ClInclude Include="Input.h">
      <Filter>GUI\Header Files</Filter>
    </ClInclude>
    <ClInclude Include="StateHelper.h">
      <Filter>GUI\Header Files</Filter>
    </ClInclude>
    <ClInclude Include="NodeObject.h">
      <Filter>GUI\Header Files</Filter>
    </ClInclude>
    <ClInclude Include="CircuitElement.h">
      <Filter>GUI\Header Files</Filter>
    </ClInclude>
    <ClInclude Include="CurrentCircuitElement.h">
      <Filter>GUI\Header Files</Filter>
    </ClInclude>
  </ItemGroup>
</Project>